
Microsoft Visual Studio Solution File, Format Version 12.00
# Visual Studio Version 17
VisualStudioVersion = 17.7.34024.191
MinimumVisualStudioVersion = 10.0.40219.1
Project("{FAE04EC0-301F-11D3-BF4B-00C04F79EFBC}") = "Library", "Library.csproj", "{4F78C1EE-3147-4F37-A748-534D78957646}"
EndProject
Project("{FAE04EC0-301F-11D3-BF4B-00C04F79EFBC}") = "SerorDel", "..\SerorDel\SerorDel.csproj", "{88D544CF-6BC5-42D7-A89D-BCBD8377EC49}"
EndProject
Project("{FAE04EC0-301F-11D3-BF4B-00C04F79EFBC}") = "ThemesLibrary", "..\ThemesLibrary\ThemesLibrary.csproj", "{D5192A76-380E-41D3-878C-F700A563D26F}"
EndProject
Global
	GlobalSection(SolutionConfigurationPlatforms) = preSolution
		Debug|Any CPU = Debug|Any CPU
		Release|Any CPU = Release|Any CPU
	EndGlobalSection
	GlobalSection(ProjectConfigurationPlatforms) = postSolution
		{4F78C1EE-3147-4F37-A748-534D78957646}.Debug|Any CPU.ActiveCfg = Debug|Any CPU
		{4F78C1EE-3147-4F37-A748-534D78957646}.Debug|Any CPU.Build.0 = Debug|Any CPU
		{4F78C1EE-3147-4F37-A748-534D78957646}.Release|Any CPU.ActiveCfg = Release|Any CPU
		{4F78C1EE-3147-4F37-A748-534D78957646}.Release|Any CPU.Build.0 = Release|Any CPU
		{88D544CF-6BC5-42D7-A89D-BCBD8377EC49}.Debug|Any CPU.ActiveCfg = Debug|Any CPU
		{88D544CF-6BC5-42D7-A89D-BCBD8377EC49}.Debug|Any CPU.Build.0 = Debug|Any CPU
		{88D544CF-6BC5-42D7-A89D-BCBD8377EC49}.Release|Any CPU.ActiveCfg = Release|Any CPU
		{88D544CF-6BC5-42D7-A89D-BCBD8377EC49}.Release|Any CPU.Build.0 = Release|Any CPU
		{D5192A76-380E-41D3-878C-F700A563D26F}.Debug|Any CPU.ActiveCfg = Debug|Any CPU
		{D5192A76-380E-41D3-878C-F700A563D26F}.Debug|Any CPU.Build.0 = Debug|Any CPU
		{D5192A76-380E-41D3-878C-F700A563D26F}.Release|Any CPU.ActiveCfg = Release|Any CPU
		{D5192A76-380E-41D3-878C-F700A563D26F}.Release|Any CPU.Build.0 = Release|Any CPU
	EndGlobalSection
	GlobalSection(SolutionProperties) = preSolution
		HideSolutionNode = FALSE
	EndGlobalSection
	GlobalSection(ExtensibilityGlobals) = postSolution
		SolutionGuid = {B0DF4429-57E0-44D1-AE64-55747B2A4A04}
	EndGlobalSection
EndGlobal
